// !$*UTF8*$!
{
	archiveVersion = 1;
	classes = {
	};
	objectVersion = 56;
	objects = {

/* Begin PBXBuildFile section */
		099C7F6B2BE529B60002C12C /* AppDelegate.swift in Sources */ = {isa = PBXBuildFile; fileRef = 099C7F6A2BE529B60002C12C /* AppDelegate.swift */; };
		099C7F6D2BE529B60002C12C /* SceneDelegate.swift in Sources */ = {isa = PBXBuildFile; fileRef = 099C7F6C2BE529B60002C12C /* SceneDelegate.swift */; };
		099C7F6F2BE529B60002C12C /* ViewController.swift in Sources */ = {isa = PBXBuildFile; fileRef = 099C7F6E2BE529B60002C12C /* ViewController.swift */; };
		099C7F722BE529B60002C12C /* Main.storyboard in Resources */ = {isa = PBXBuildFile; fileRef = 099C7F702BE529B60002C12C /* Main.storyboard */; };
		099C7F742BE529B80002C12C /* Assets.xcassets in Resources */ = {isa = PBXBuildFile; fileRef = 099C7F732BE529B80002C12C /* Assets.xcassets */; };
		099C7F772BE529B80002C12C /* LaunchScreen.storyboard in Resources */ = {isa = PBXBuildFile; fileRef = 099C7F752BE529B80002C12C /* LaunchScreen.storyboard */; };
		099C7F7F2BE52D1B0002C12C /* VistaInicial.swift in Sources */ = {isa = PBXBuildFile; fileRef = 099C7F7E2BE52D1B0002C12C /* VistaInicial.swift */; };
		099C7F812BE52D330002C12C /* VistaAgregar.swift in Sources */ = {isa = PBXBuildFile; fileRef = 099C7F802BE52D330002C12C /* VistaAgregar.swift */; };
/* End PBXBuildFile section */

/* Begin PBXFileReference section */
		099C7F672BE529B60002C12C /* Sangre.app */ = {isa = PBXFileReference; explicitFileType = wrapper.application; includeInIndex = 0; path = Sangre.app; sourceTree = BUILT_PRODUCTS_DIR; };
		099C7F6A2BE529B60002C12C /* AppDelegate.swift */ = {isa = PBXFileReference; lastKnownFileType = sourcecode.swift; path = AppDelegate.swift; sourceTree = "<group>"; };
		099C7F6C2BE529B60002C12C /* SceneDelegate.swift */ = {isa = PBXFileReference; lastKnownFileType = sourcecode.swift; path = SceneDelegate.swift; sourceTree = "<group>"; };
		099C7F6E2BE529B60002C12C /* ViewController.swift */ = {isa = PBXFileReference; lastKnownFileType = sourcecode.swift; path = ViewController.swift; sourceTree = "<group>"; };
		099C7F712BE529B60002C12C /* Base */ = {isa = PBXFileReference; lastKnownFileType = file.storyboard; name = Base; path = Base.lproj/Main.storyboard; sourceTree = "<group>"; };
		099C7F732BE529B80002C12C /* Assets.xcassets */ = {isa = PBXFileReference; lastKnownFileType = folder.assetcatalog; path = Assets.xcassets; sourceTree = "<group>"; };
		099C7F762BE529B80002C12C /* Base */ = {isa = PBXFileReference; lastKnownFileType = file.storyboard; name = Base; path = Base.lproj/LaunchScreen.storyboard; sourceTree = "<group>"; };
		099C7F782BE529B80002C12C /* Info.plist */ = {isa = PBXFileReference; lastKnownFileType = text.plist.xml; path = Info.plist; sourceTree = "<group>"; };
		099C7F7E2BE52D1B0002C12C /* VistaInicial.swift */ = {isa = PBXFileReference; lastKnownFileType = sourcecode.swift; path = VistaInicial.swift; sourceTree = "<group>"; };
		099C7F802BE52D330002C12C /* VistaAgregar.swift */ = {isa = PBXFileReference; lastKnownFileType = sourcecode.swift; path = VistaAgregar.swift; sourceTree = "<group>"; };
/* End PBXFileReference section */

/* Begin PBXFrameworksBuildPhase section */
		099C7F642BE529B60002C12C /* Frameworks */ = {
			isa = PBXFrameworksBuildPhase;
			buildActionMask = 2147483647;
			files = (
			);
			runOnlyForDeploymentPostprocessing = 0;
		};
/* End PBXFrameworksBuildPhase section */

/* Begin PBXGroup section */
		099C7F5E2BE529B60002C12C = {
			isa = PBXGroup;
			children = (
				099C7F692BE529B60002C12C /* Sangre */,
				099C7F682BE529B60002C12C /* Products */,
			);
			sourceTree = "<group>";
		};
		099C7F682BE529B60002C12C /* Products */ = {
			isa = PBXGroup;
			children = (
				099C7F672BE529B60002C12C /* Sangre.app */,
			);
			name = Products;
			sourceTree = "<group>";
		};
		099C7F692BE529B60002C12C /* Sangre */ = {
			isa = PBXGroup;
			children = (
				099C7F6A2BE529B60002C12C /* AppDelegate.swift */,
				099C7F6C2BE529B60002C12C /* SceneDelegate.swift */,
				099C7F6E2BE529B60002C12C /* ViewController.swift */,
				099C7F702BE529B60002C12C /* Main.storyboard */,
				099C7F732BE529B80002C12C /* Assets.xcassets */,
				099C7F752BE529B80002C12C /* LaunchScreen.storyboard */,
				099C7F782BE529B80002C12C /* Info.plist */,
				099C7F7E2BE52D1B0002C12C /* VistaInicial.swift */,
				099C7F802BE52D330002C12C /* VistaAgregar.swift */,
			);
			path = Sangre;
			sourceTree = "<group>";
		};
/* End PBXGroup section */

/* Begin PBXNativeTarget section */
		099C7F662BE529B60002C12C /* Sangre */ = {
			isa = PBXNativeTarget;
			buildConfigurationList = 099C7F7B2BE529B80002C12C /* Build configuration list for PBXNativeTarget "Sangre" */;
			buildPhases = (
				099C7F632BE529B60002C12C /* Sources */,
				099C7F642BE529B60002C12C /* Frameworks */,
				099C7F652BE529B60002C12C /* Resources */,
			);
			buildRules = (
			);
			dependencies = (
			);
			name = Sangre;
			productName = Sangre;
			productReference = 099C7F672BE529B60002C12C /* Sangre.app */;
			productType = "com.apple.product-type.application";
		};
/* End PBXNativeTarget section */

/* Begin PBXProject section */
		099C7F5F2BE529B60002C12C /* Project object */ = {
			isa = PBXProject;
			attributes = {
				BuildIndependentTargetsInParallel = 1;
				LastSwiftUpdateCheck = 1420;
				LastUpgradeCheck = 1420;
				TargetAttributes = {
					099C7F662BE529B60002C12C = {
						CreatedOnToolsVersion = 14.2;
					};
				};
			};
			buildConfigurationList = 099C7F622BE529B60002C12C /* Build configuration list for PBXProject "Sangre" */;
			compatibilityVersion = "Xcode 14.0";
			developmentRegion = en;
			hasScannedForEncodings = 0;
			knownRegions = (
				en,
				Base,
			);
			mainGroup = 099C7F5E2BE529B60002C12C;
			productRefGroup = 099C7F682BE529B60002C12C /* Products */;
			projectDirPath = "";
			projectRoot = "";
			targets = (
				099C7F662BE529B60002C12C /* Sangre */,
			);
		};
/* End PBXProject section */

/* Begin PBXResourcesBuildPhase section */
		099C7F652BE529B60002C12C /* Resources */ = {
			isa = PBXResourcesBuildPhase;
			buildActionMask = 2147483647;
			files = (
				099C7F772BE529B80002C12C /* LaunchScreen.storyboard in Resources */,
				099C7F742BE529B80002C12C /* Assets.xcassets in Resources */,
				099C7F722BE529B60002C12C /* Main.storyboard in Resources */,
			);
			runOnlyForDeploymentPostprocessing = 0;
		};
/* End PBXResourcesBuildPhase section */

/* Begin PBXSourcesBuildPhase section */
		099C7F632BE529B60002C12C /* Sources */ = {
			isa = PBXSourcesBuildPhase;
			buildActionMask = 2147483647;
			files = (
				099C7F6F2BE529B60002C12C /* ViewController.swift in Sources */,
				099C7F812BE52D330002C12C /* VistaAgregar.swift in Sources */,
				099C7F7F2BE52D1B0002C12C /* VistaInicial.swift in Sources */,
				099C7F6B2BE529B60002C12C /* AppDelegate.swift in Sources */,
				099C7F6D2BE529B60002C12C /* SceneDelegate.swift in Sources */,
			);
			runOnlyForDeploymentPostprocessing = 0;
		};
/* End PBXSourcesBuildPhase section */

/* Begin PBXVariantGroup section */
		099C7F702BE529B60002C12C /* Main.storyboard */ = {
			isa = PBXVariantGroup;
			children = (
				099C7F712BE529B60002C12C /* Base */,
			);
			name = Main.storyboard;
			sourceTree = "<group>";
		};
		099C7F752BE529B80002C12C /* LaunchScreen.storyboard */ = {
			isa = PBXVariantGroup;
			children = (
				099C7F762BE529B80002C12C /* Base */,
			);
			name = LaunchScreen.storyboard;
			sourceTree = "<group>";
		};
/* End PBXVariantGroup section */

/* Begin XCBuildConfiguration section */
		099C7F792BE529B80002C12C /* Debug */ = {
			isa = XCBuildConfiguration;
			buildSettings = {
				ALWAYS_SEARCH_USER_PATHS = NO;
				CLANG_ANALYZER_NONNULL = YES;
				CLANG_ANALYZER_NUMBER_OBJECT_CONVERSION = YES_AGGRESSIVE;
				CLANG_CXX_LANGUAGE_STANDARD = "gnu++20";
				CLANG_ENABLE_MODULES = YES;
				CLANG_ENABLE_OBJC_ARC = YES;
				CLANG_ENABLE_OBJC_WEAK = YES;
				CLANG_WARN_BLOCK_CAPTURE_AUTORELEASING = YES;
				CLANG_WARN_BOOL_CONVERSION = YES;
				CLANG_WARN_COMMA = YES;
				CLANG_WARN_CONSTANT_CONVERSION = YES;
				CLANG_WARN_DEPRECATED_OBJC_IMPLEMENTATIONS = YES;
				CLANG_WARN_DIRECT_OBJC_ISA_USAGE = YES_ERROR;
				CLANG_WARN_DOCUMENTATION_COMMENTS = YES;
				CLANG_WARN_EMPTY_BODY = YES;
				CLANG_WARN_ENUM_CONVERSION = YES;
				CLANG_WARN_INFINITE_RECURSION = YES;
				CLANG_WARN_INT_CONVERSION = YES;
				CLANG_WARN_NON_LITERAL_NULL_CONVERSION = YES;
				CLANG_WARN_OBJC_IMPLICIT_RETAIN_SELF = YES;
				CLANG_WARN_OBJC_LITERAL_CONVERSION = YES;
				CLANG_WARN_OBJC_ROOT_CLASS = YES_ERROR;
				CLANG_WARN_QUOTED_INCLUDE_IN_FRAMEWORK_HEADER = YES;
				CLANG_WARN_RANGE_LOOP_ANALYSIS = YES;
				CLANG_WARN_STRICT_PROTOTYPES = YES;
				CLANG_WARN_SUSPICIOUS_MOVE = YES;
				CLANG_WARN_UNGUARDED_AVAILABILITY = YES_AGGRESSIVE;
				CLANG_WARN_UNREACHABLE_CODE = YES;
				CLANG_WARN__DUPLICATE_METHOD_MATCH = YES;
				COPY_PHASE_STRIP = NO;
				DEBUG_INFORMATION_FORMAT = dwarf;
				ENABLE_STRICT_OBJC_MSGSEND = YES;
				ENABLE_TESTABILITY = YES;
				GCC_C_LANGUAGE_STANDARD = gnu11;
				GCC_DYNAMIC_NO_PIC = NO;
				GCC_NO_COMMON_BLOCKS = YES;
				GCC_OPTIMIZATION_LEVEL = 0;
				GCC_PREPROCESSOR_DEFINITIONS = (
					"DEBUG=1",
					"$(inherited)",
				);
				GCC_WARN_64_TO_32_BIT_CONVERSION = YES;
				GCC_WARN_ABOUT_RETURN_TYPE = YES_ERROR;
				GCC_WARN_UNDECLARED_SELECTOR = YES;
				GCC_WARN_UNINITIALIZED_AUTOS = YES_AGGRESSIVE;
				GCC_WARN_UNUSED_FUNCTION = YES;
				GCC_WARN_UNUSED_VARIABLE = YES;
				IPHONEOS_DEPLOYMENT_TARGET = 16.2;
				MTL_ENABLE_DEBUG_INFO = INCLUDE_SOURCE;
				MTL_FAST_MATH = YES;
				ONLY_ACTIVE_ARCH = YES;
				SDKROOT = iphoneos;
				SWIFT_ACTIVE_COMPILATION_CONDITIONS = DEBUG;
				SWIFT_OPTIMIZATION_LEVEL = "-Onone";
			};
			name = Debug;
		};
		099C7F7A2BE529B80002C12C /* Release */ = {
			isa = XCBuildConfiguration;
			buildSettings = {
				ALWAYS_SEARCH_USER_PATHS = NO;
				CLANG_ANALYZER_NONNULL = YES;
				CLANG_ANALYZER_NUMBER_OBJECT_CONVERSION = YES_AGGRESSIVE;
				CLANG_CXX_LANGUAGE_STANDARD = "gnu++20";
				CLANG_ENABLE_MODULES = YES;
				CLANG_ENABLE_OBJC_ARC = YES;
				CLANG_ENABLE_OBJC_WEAK = YES;
				CLANG_WARN_BLOCK_CAPTURE_AUTORELEASING = YES;
				CLANG_WARN_BOOL_CONVERSION = YES;
				CLANG_WARN_COMMA = YES;
				CLANG_WARN_CONSTANT_CONVERSION = YES;
				CLANG_WARN_DEPRECATED_OBJC_IMPLEMENTATIONS = YES;
				CLANG_WARN_DIRECT_OBJC_ISA_USAGE = YES_ERROR;
				CLANG_WARN_DOCUMENTATION_COMMENTS = YES;
				CLANG_WARN_EMPTY_BODY = YES;
				CLANG_WARN_ENUM_CONVERSION = YES;
				CLANG_WARN_INFINITE_RECURSION = YES;
				CLANG_WARN_INT_CONVERSION = YES;
				CLANG_WARN_NON_LITERAL_NULL_CONVERSION = YES;
				CLANG_WARN_OBJC_IMPLICIT_RETAIN_SELF = YES;
				CLANG_WARN_OBJC_LITERAL_CONVERSION = YES;
				CLANG_WARN_OBJC_ROOT_CLASS = YES_ERROR;
				CLANG_WARN_QUOTED_INCLUDE_IN_FRAMEWORK_HEADER = YES;
				CLANG_WARN_RANGE_LOOP_ANALYSIS = YES;
				CLANG_WARN_STRICT_PROTOTYPES = YES;
				CLANG_WARN_SUSPICIOUS_MOVE = YES;
				CLANG_WARN_UNGUARDED_AVAILABILITY = YES_AGGRESSIVE;
				CLANG_WARN_UNREACHABLE_CODE = YES;
				CLANG_WARN__DUPLICATE_METHOD_MATCH = YES;
				COPY_PHASE_STRIP = NO;
				DEBUG_INFORMATION_FORMAT = "dwarf-with-dsym";
				ENABLE_NS_ASSERTIONS = NO;
				ENABLE_STRICT_OBJC_MSGSEND = YES;
				GCC_C_LANGUAGE_STANDARD = gnu11;
				GCC_NO_COMMON_BLOCKS = YES;
				GCC_WARN_64_TO_32_BIT_CONVERSION = YES;
				GCC_WARN_ABOUT_RETURN_TYPE = YES_ERROR;
				GCC_WARN_UNDECLARED_SELECTOR = YES;
				GCC_WARN_UNINITIALIZED_AUTOS = YES_AGGRESSIVE;
				GCC_WARN_UNUSED_FUNCTION = YES;
				GCC_WARN_UNUSED_VARIABLE = YES;
				IPHONEOS_DEPLOYMENT_TARGET = 16.2;
				MTL_ENABLE_DEBUG_INFO = NO;
				MTL_FAST_MATH = YES;
				SDKROOT = iphoneos;
				SWIFT_COMPILATION_MODE = wholemodule;
				SWIFT_OPTIMIZATION_LEVEL = "-O";
				VALIDATE_PRODUCT = YES;
			};
			name = Release;
		};
		099C7F7C2BE529B80002C12C /* Debug */ = {
			isa = XCBuildConfiguration;
			buildSettings = {
				ASSETCATALOG_COMPILER_APPICON_NAME = AppIcon;
				ASSETCATALOG_COMPILER_GLOBAL_ACCENT_COLOR_NAME = AccentColor;
				CODE_SIGN_STYLE = Automatic;
				CURRENT_PROJECT_VERSION = 1;
				GENERATE_INFOPLIST_FILE = YES;
				INFOPLIST_FILE = Sangre/Info.plist;
				INFOPLIST_KEY_UIApplicationSupportsIndirectInputEvents = YES;
				INFOPLIST_KEY_UILaunchStoryboardName = LaunchScreen;
				INFOPLIST_KEY_UIMainStoryboardFile = Main;
				INFOPLIST_KEY_UISupportedInterfaceOrientations_iPad = "UIInterfaceOrientationPortrait UIInterfaceOrientationPortraitUpsideDown UIInterfaceOrientationLandscapeLeft UIInterfaceOrientationLandscapeRight";
				INFOPLIST_KEY_UISupportedInterfaceOrientations_iPhone = "UIInterfaceOrientationPortrait UIInterfaceOrientationLandscapeLeft UIInterfaceOrientationLandscapeRight";
				LD_RUNPATH_SEARCH_PATHS = (
					"$(inherited)",
					"@executable_path/Frameworks",
				);
				MARKETING_VERSION = 1.0;
				PRODUCT_BUNDLE_IDENTIFIER = ejer.Sangre;
				PRODUCT_NAME = "$(TARGET_NAME)";
				SWIFT_EMIT_LOC_STRINGS = YES;
				SWIFT_VERSION = 5.0;
				TARGETED_DEVICE_FAMILY = "1,2";
			};
			name = Debug;
		};
		099C7F7D2BE529B80002C12C /* Release */ = {
			isa = XCBuildConfiguration;
			buildSettings = {
				ASSETCATALOG_COMPILER_APPICON_NAME = AppIcon;
				ASSETCATALOG_COMPILER_GLOBAL_ACCENT_COLOR_NAME = AccentColor;
				CODE_SIGN_STYLE = Automatic;
				CURRENT_PROJECT_VERSION = 1;
				GENERATE_INFOPLIST_FILE = YES;
				INFOPLIST_FILE = Sangre/Info.plist;
				INFOPLIST_KEY_UIApplicationSupportsIndirectInputEvents = YES;
				INFOPLIST_KEY_UILaunchStoryboardName = LaunchScreen;
				INFOPLIST_KEY_UIMainStoryboardFile = Main;
				INFOPLIST_KEY_UISupportedInterfaceOrientations_iPad = "UIInterfaceOrientationPortrait UIInterfaceOrientationPortraitUpsideDown UIInterfaceOrientationLandscapeLeft UIInterfaceOrientationLandscapeRight";
				INFOPLIST_KEY_UISupportedInterfaceOrientations_iPhone = "UIInterfaceOrientationPortrait UIInterfaceOrientationLandscapeLeft UIInterfaceOrientationLandscapeRight";
				LD_RUNPATH_SEARCH_PATHS = (
					"$(inherited)",
					"@executable_path/Frameworks",
				);
				MARKETING_VERSION = 1.0;
				PRODUCT_BUNDLE_IDENTIFIER = ejer.Sangre;
				PRODUCT_NAME = "$(TARGET_NAME)";
				SWIFT_EMIT_LOC_STRINGS = YES;
				SWIFT_VERSION = 5.0;
				TARGETED_DEVICE_FAMILY = "1,2";
			};
			name = Release;
		};
/* End XCBuildConfiguration section */

/* Begin XCConfigurationList section */
		099C7F622BE529B60002C12C /* Build configuration list for PBXProject "Sangre" */ = {
			isa = XCConfigurationList;
			buildConfigurations = (
				099C7F792BE529B80002C12C /* Debug */,
				099C7F7A2BE529B80002C12C /* Release */,
			);
			defaultConfigurationIsVisible = 0;
			defaultConfigurationName = Release;
		};
		099C7F7B2BE529B80002C12C /* Build configuration list for PBXNativeTarget "Sangre" */ = {
			isa = XCConfigurationList;
			buildConfigurations = (
				099C7F7C2BE529B80002C12C /* Debug */,
				099C7F7D2BE529B80002C12C /* Release */,
			);
			defaultConfigurationIsVisible = 0;
			defaultConfigurationName = Release;
		};
/* End XCConfigurationList section */
	};
	rootObject = 099C7F5F2BE529B60002C12C /* Project object */;
}
