// !$*UTF8*$!
{
	archiveVersion = 1;
	classes = {
	};
	objectVersion = 56;
	objects = {

/* Begin PBXBuildFile section */
		094040C42BF2570A008D9C44 /* AppDelegate.swift in Sources */ = {isa = PBXBuildFile; fileRef = 094040C32BF2570A008D9C44 /* AppDelegate.swift */; };
		094040C62BF2570A008D9C44 /* SceneDelegate.swift in Sources */ = {isa = PBXBuildFile; fileRef = 094040C52BF2570A008D9C44 /* SceneDelegate.swift */; };
		094040C82BF2570A008D9C44 /* VistaAlumnos.swift in Sources */ = {isa = PBXBuildFile; fileRef = 094040C72BF2570A008D9C44 /* VistaAlumnos.swift */; };
		094040CB2BF2570A008D9C44 /* Main.storyboard in Resources */ = {isa = PBXBuildFile; fileRef = 094040C92BF2570A008D9C44 /* Main.storyboard */; };
		094040CD2BF2570B008D9C44 /* Assets.xcassets in Resources */ = {isa = PBXBuildFile; fileRef = 094040CC2BF2570B008D9C44 /* Assets.xcassets */; };
		094040D02BF2570B008D9C44 /* LaunchScreen.storyboard in Resources */ = {isa = PBXBuildFile; fileRef = 094040CE2BF2570B008D9C44 /* LaunchScreen.storyboard */; };
		094040D82BF257E2008D9C44 /* Alumno.swift in Sources */ = {isa = PBXBuildFile; fileRef = 094040D72BF257E2008D9C44 /* Alumno.swift */; };
		094040DA2BF25991008D9C44 /* AlumnoDetalle.swift in Sources */ = {isa = PBXBuildFile; fileRef = 094040D92BF25991008D9C44 /* AlumnoDetalle.swift */; };
		094040DC2BF25D60008D9C44 /* CeldaAlumno.swift in Sources */ = {isa = PBXBuildFile; fileRef = 094040DB2BF25D60008D9C44 /* CeldaAlumno.swift */; };
/* End PBXBuildFile section */

/* Begin PBXFileReference section */
		094040C02BF25709008D9C44 /* Mayo13.app */ = {isa = PBXFileReference; explicitFileType = wrapper.application; includeInIndex = 0; path = Mayo13.app; sourceTree = BUILT_PRODUCTS_DIR; };
		094040C32BF2570A008D9C44 /* AppDelegate.swift */ = {isa = PBXFileReference; lastKnownFileType = sourcecode.swift; path = AppDelegate.swift; sourceTree = "<group>"; };
		094040C52BF2570A008D9C44 /* SceneDelegate.swift */ = {isa = PBXFileReference; lastKnownFileType = sourcecode.swift; path = SceneDelegate.swift; sourceTree = "<group>"; };
		094040C72BF2570A008D9C44 /* VistaAlumnos.swift */ = {isa = PBXFileReference; lastKnownFileType = sourcecode.swift; path = VistaAlumnos.swift; sourceTree = "<group>"; };
		094040CA2BF2570A008D9C44 /* Base */ = {isa = PBXFileReference; lastKnownFileType = file.storyboard; name = Base; path = Base.lproj/Main.storyboard; sourceTree = "<group>"; };
		094040CC2BF2570B008D9C44 /* Assets.xcassets */ = {isa = PBXFileReference; lastKnownFileType = folder.assetcatalog; path = Assets.xcassets; sourceTree = "<group>"; };
		094040CF2BF2570B008D9C44 /* Base */ = {isa = PBXFileReference; lastKnownFileType = file.storyboard; name = Base; path = Base.lproj/LaunchScreen.storyboard; sourceTree = "<group>"; };
		094040D12BF2570B008D9C44 /* Info.plist */ = {isa = PBXFileReference; lastKnownFileType = text.plist.xml; path = Info.plist; sourceTree = "<group>"; };
		094040D72BF257E2008D9C44 /* Alumno.swift */ = {isa = PBXFileReference; lastKnownFileType = sourcecode.swift; path = Alumno.swift; sourceTree = "<group>"; };
		094040D92BF25991008D9C44 /* AlumnoDetalle.swift */ = {isa = PBXFileReference; lastKnownFileType = sourcecode.swift; path = AlumnoDetalle.swift; sourceTree = "<group>"; };
		094040DB2BF25D60008D9C44 /* CeldaAlumno.swift */ = {isa = PBXFileReference; lastKnownFileType = sourcecode.swift; path = CeldaAlumno.swift; sourceTree = "<group>"; };
/* End PBXFileReference section */

/* Begin PBXFrameworksBuildPhase section */
		094040BD2BF25709008D9C44 /* Frameworks */ = {
			isa = PBXFrameworksBuildPhase;
			buildActionMask = 2147483647;
			files = (
			);
			runOnlyForDeploymentPostprocessing = 0;
		};
/* End PBXFrameworksBuildPhase section */

/* Begin PBXGroup section */
		094040B72BF25709008D9C44 = {
			isa = PBXGroup;
			children = (
				094040C22BF25709008D9C44 /* Mayo13 */,
				094040C12BF25709008D9C44 /* Products */,
			);
			sourceTree = "<group>";
		};
		094040C12BF25709008D9C44 /* Products */ = {
			isa = PBXGroup;
			children = (
				094040C02BF25709008D9C44 /* Mayo13.app */,
			);
			name = Products;
			sourceTree = "<group>";
		};
		094040C22BF25709008D9C44 /* Mayo13 */ = {
			isa = PBXGroup;
			children = (
				094040D72BF257E2008D9C44 /* Alumno.swift */,
				094040C32BF2570A008D9C44 /* AppDelegate.swift */,
				094040C52BF2570A008D9C44 /* SceneDelegate.swift */,
				094040C72BF2570A008D9C44 /* VistaAlumnos.swift */,
				094040C92BF2570A008D9C44 /* Main.storyboard */,
				094040CC2BF2570B008D9C44 /* Assets.xcassets */,
				094040CE2BF2570B008D9C44 /* LaunchScreen.storyboard */,
				094040D12BF2570B008D9C44 /* Info.plist */,
				094040D92BF25991008D9C44 /* AlumnoDetalle.swift */,
				094040DB2BF25D60008D9C44 /* CeldaAlumno.swift */,
			);
			path = Mayo13;
			sourceTree = "<group>";
		};
/* End PBXGroup section */

/* Begin PBXNativeTarget section */
		094040BF2BF25709008D9C44 /* Mayo13 */ = {
			isa = PBXNativeTarget;
			buildConfigurationList = 094040D42BF2570B008D9C44 /* Build configuration list for PBXNativeTarget "Mayo13" */;
			buildPhases = (
				094040BC2BF25709008D9C44 /* Sources */,
				094040BD2BF25709008D9C44 /* Frameworks */,
				094040BE2BF25709008D9C44 /* Resources */,
			);
			buildRules = (
			);
			dependencies = (
			);
			name = Mayo13;
			productName = Mayo13;
			productReference = 094040C02BF25709008D9C44 /* Mayo13.app */;
			productType = "com.apple.product-type.application";
		};
/* End PBXNativeTarget section */

/* Begin PBXProject section */
		094040B82BF25709008D9C44 /* Project object */ = {
			isa = PBXProject;
			attributes = {
				BuildIndependentTargetsInParallel = 1;
				LastSwiftUpdateCheck = 1420;
				LastUpgradeCheck = 1420;
				TargetAttributes = {
					094040BF2BF25709008D9C44 = {
						CreatedOnToolsVersion = 14.2;
					};
				};
			};
			buildConfigurationList = 094040BB2BF25709008D9C44 /* Build configuration list for PBXProject "Mayo13" */;
			compatibilityVersion = "Xcode 14.0";
			developmentRegion = en;
			hasScannedForEncodings = 0;
			knownRegions = (
				en,
				Base,
			);
			mainGroup = 094040B72BF25709008D9C44;
			productRefGroup = 094040C12BF25709008D9C44 /* Products */;
			projectDirPath = "";
			projectRoot = "";
			targets = (
				094040BF2BF25709008D9C44 /* Mayo13 */,
			);
		};
/* End PBXProject section */

/* Begin PBXResourcesBuildPhase section */
		094040BE2BF25709008D9C44 /* Resources */ = {
			isa = PBXResourcesBuildPhase;
			buildActionMask = 2147483647;
			files = (
				094040D02BF2570B008D9C44 /* LaunchScreen.storyboard in Resources */,
				094040CD2BF2570B008D9C44 /* Assets.xcassets in Resources */,
				094040CB2BF2570A008D9C44 /* Main.storyboard in Resources */,
			);
			runOnlyForDeploymentPostprocessing = 0;
		};
/* End PBXResourcesBuildPhase section */

/* Begin PBXSourcesBuildPhase section */
		094040BC2BF25709008D9C44 /* Sources */ = {
			isa = PBXSourcesBuildPhase;
			buildActionMask = 2147483647;
			files = (
				094040C82BF2570A008D9C44 /* VistaAlumnos.swift in Sources */,
				094040DC2BF25D60008D9C44 /* CeldaAlumno.swift in Sources */,
				094040DA2BF25991008D9C44 /* AlumnoDetalle.swift in Sources */,
				094040C42BF2570A008D9C44 /* AppDelegate.swift in Sources */,
				094040C62BF2570A008D9C44 /* SceneDelegate.swift in Sources */,
				094040D82BF257E2008D9C44 /* Alumno.swift in Sources */,
			);
			runOnlyForDeploymentPostprocessing = 0;
		};
/* End PBXSourcesBuildPhase section */

/* Begin PBXVariantGroup section */
		094040C92BF2570A008D9C44 /* Main.storyboard */ = {
			isa = PBXVariantGroup;
			children = (
				094040CA2BF2570A008D9C44 /* Base */,
			);
			name = Main.storyboard;
			sourceTree = "<group>";
		};
		094040CE2BF2570B008D9C44 /* LaunchScreen.storyboard */ = {
			isa = PBXVariantGroup;
			children = (
				094040CF2BF2570B008D9C44 /* Base */,
			);
			name = LaunchScreen.storyboard;
			sourceTree = "<group>";
		};
/* End PBXVariantGroup section */

/* Begin XCBuildConfiguration section */
		094040D22BF2570B008D9C44 /* Debug */ = {
			isa = XCBuildConfiguration;
			buildSettings = {
				ALWAYS_SEARCH_USER_PATHS = NO;
				CLANG_ANALYZER_NONNULL = YES;
				CLANG_ANALYZER_NUMBER_OBJECT_CONVERSION = YES_AGGRESSIVE;
				CLANG_CXX_LANGUAGE_STANDARD = "gnu++20";
				CLANG_ENABLE_MODULES = YES;
				CLANG_ENABLE_OBJC_ARC = YES;
				CLANG_ENABLE_OBJC_WEAK = YES;
				CLANG_WARN_BLOCK_CAPTURE_AUTORELEASING = YES;
				CLANG_WARN_BOOL_CONVERSION = YES;
				CLANG_WARN_COMMA = YES;
				CLANG_WARN_CONSTANT_CONVERSION = YES;
				CLANG_WARN_DEPRECATED_OBJC_IMPLEMENTATIONS = YES;
				CLANG_WARN_DIRECT_OBJC_ISA_USAGE = YES_ERROR;
				CLANG_WARN_DOCUMENTATION_COMMENTS = YES;
				CLANG_WARN_EMPTY_BODY = YES;
				CLANG_WARN_ENUM_CONVERSION = YES;
				CLANG_WARN_INFINITE_RECURSION = YES;
				CLANG_WARN_INT_CONVERSION = YES;
				CLANG_WARN_NON_LITERAL_NULL_CONVERSION = YES;
				CLANG_WARN_OBJC_IMPLICIT_RETAIN_SELF = YES;
				CLANG_WARN_OBJC_LITERAL_CONVERSION = YES;
				CLANG_WARN_OBJC_ROOT_CLASS = YES_ERROR;
				CLANG_WARN_QUOTED_INCLUDE_IN_FRAMEWORK_HEADER = YES;
				CLANG_WARN_RANGE_LOOP_ANALYSIS = YES;
				CLANG_WARN_STRICT_PROTOTYPES = YES;
				CLANG_WARN_SUSPICIOUS_MOVE = YES;
				CLANG_WARN_UNGUARDED_AVAILABILITY = YES_AGGRESSIVE;
				CLANG_WARN_UNREACHABLE_CODE = YES;
				CLANG_WARN__DUPLICATE_METHOD_MATCH = YES;
				COPY_PHASE_STRIP = NO;
				DEBUG_INFORMATION_FORMAT = dwarf;
				ENABLE_STRICT_OBJC_MSGSEND = YES;
				ENABLE_TESTABILITY = YES;
				GCC_C_LANGUAGE_STANDARD = gnu11;
				GCC_DYNAMIC_NO_PIC = NO;
				GCC_NO_COMMON_BLOCKS = YES;
				GCC_OPTIMIZATION_LEVEL = 0;
				GCC_PREPROCESSOR_DEFINITIONS = (
					"DEBUG=1",
					"$(inherited)",
				);
				GCC_WARN_64_TO_32_BIT_CONVERSION = YES;
				GCC_WARN_ABOUT_RETURN_TYPE = YES_ERROR;
				GCC_WARN_UNDECLARED_SELECTOR = YES;
				GCC_WARN_UNINITIALIZED_AUTOS = YES_AGGRESSIVE;
				GCC_WARN_UNUSED_FUNCTION = YES;
				GCC_WARN_UNUSED_VARIABLE = YES;
				IPHONEOS_DEPLOYMENT_TARGET = 16.2;
				MTL_ENABLE_DEBUG_INFO = INCLUDE_SOURCE;
				MTL_FAST_MATH = YES;
				ONLY_ACTIVE_ARCH = YES;
				SDKROOT = iphoneos;
				SWIFT_ACTIVE_COMPILATION_CONDITIONS = DEBUG;
				SWIFT_OPTIMIZATION_LEVEL = "-Onone";
			};
			name = Debug;
		};
		094040D32BF2570B008D9C44 /* Release */ = {
			isa = XCBuildConfiguration;
			buildSettings = {
				ALWAYS_SEARCH_USER_PATHS = NO;
				CLANG_ANALYZER_NONNULL = YES;
				CLANG_ANALYZER_NUMBER_OBJECT_CONVERSION = YES_AGGRESSIVE;
				CLANG_CXX_LANGUAGE_STANDARD = "gnu++20";
				CLANG_ENABLE_MODULES = YES;
				CLANG_ENABLE_OBJC_ARC = YES;
				CLANG_ENABLE_OBJC_WEAK = YES;
				CLANG_WARN_BLOCK_CAPTURE_AUTORELEASING = YES;
				CLANG_WARN_BOOL_CONVERSION = YES;
				CLANG_WARN_COMMA = YES;
				CLANG_WARN_CONSTANT_CONVERSION = YES;
				CLANG_WARN_DEPRECATED_OBJC_IMPLEMENTATIONS = YES;
				CLANG_WARN_DIRECT_OBJC_ISA_USAGE = YES_ERROR;
				CLANG_WARN_DOCUMENTATION_COMMENTS = YES;
				CLANG_WARN_EMPTY_BODY = YES;
				CLANG_WARN_ENUM_CONVERSION = YES;
				CLANG_WARN_INFINITE_RECURSION = YES;
				CLANG_WARN_INT_CONVERSION = YES;
				CLANG_WARN_NON_LITERAL_NULL_CONVERSION = YES;
				CLANG_WARN_OBJC_IMPLICIT_RETAIN_SELF = YES;
				CLANG_WARN_OBJC_LITERAL_CONVERSION = YES;
				CLANG_WARN_OBJC_ROOT_CLASS = YES_ERROR;
				CLANG_WARN_QUOTED_INCLUDE_IN_FRAMEWORK_HEADER = YES;
				CLANG_WARN_RANGE_LOOP_ANALYSIS = YES;
				CLANG_WARN_STRICT_PROTOTYPES = YES;
				CLANG_WARN_SUSPICIOUS_MOVE = YES;
				CLANG_WARN_UNGUARDED_AVAILABILITY = YES_AGGRESSIVE;
				CLANG_WARN_UNREACHABLE_CODE = YES;
				CLANG_WARN__DUPLICATE_METHOD_MATCH = YES;
				COPY_PHASE_STRIP = NO;
				DEBUG_INFORMATION_FORMAT = "dwarf-with-dsym";
				ENABLE_NS_ASSERTIONS = NO;
				ENABLE_STRICT_OBJC_MSGSEND = YES;
				GCC_C_LANGUAGE_STANDARD = gnu11;
				GCC_NO_COMMON_BLOCKS = YES;
				GCC_WARN_64_TO_32_BIT_CONVERSION = YES;
				GCC_WARN_ABOUT_RETURN_TYPE = YES_ERROR;
				GCC_WARN_UNDECLARED_SELECTOR = YES;
				GCC_WARN_UNINITIALIZED_AUTOS = YES_AGGRESSIVE;
				GCC_WARN_UNUSED_FUNCTION = YES;
				GCC_WARN_UNUSED_VARIABLE = YES;
				IPHONEOS_DEPLOYMENT_TARGET = 16.2;
				MTL_ENABLE_DEBUG_INFO = NO;
				MTL_FAST_MATH = YES;
				SDKROOT = iphoneos;
				SWIFT_COMPILATION_MODE = wholemodule;
				SWIFT_OPTIMIZATION_LEVEL = "-O";
				VALIDATE_PRODUCT = YES;
			};
			name = Release;
		};
		094040D52BF2570B008D9C44 /* Debug */ = {
			isa = XCBuildConfiguration;
			buildSettings = {
				ASSETCATALOG_COMPILER_APPICON_NAME = AppIcon;
				ASSETCATALOG_COMPILER_GLOBAL_ACCENT_COLOR_NAME = AccentColor;
				CODE_SIGN_STYLE = Automatic;
				CURRENT_PROJECT_VERSION = 1;
				GENERATE_INFOPLIST_FILE = YES;
				INFOPLIST_FILE = Mayo13/Info.plist;
				INFOPLIST_KEY_UIApplicationSupportsIndirectInputEvents = YES;
				INFOPLIST_KEY_UILaunchStoryboardName = LaunchScreen;
				INFOPLIST_KEY_UIMainStoryboardFile = Main;
				INFOPLIST_KEY_UISupportedInterfaceOrientations_iPad = "UIInterfaceOrientationPortrait UIInterfaceOrientationPortraitUpsideDown UIInterfaceOrientationLandscapeLeft UIInterfaceOrientationLandscapeRight";
				INFOPLIST_KEY_UISupportedInterfaceOrientations_iPhone = "UIInterfaceOrientationPortrait UIInterfaceOrientationLandscapeLeft UIInterfaceOrientationLandscapeRight";
				LD_RUNPATH_SEARCH_PATHS = (
					"$(inherited)",
					"@executable_path/Frameworks",
				);
				MARKETING_VERSION = 1.0;
				PRODUCT_BUNDLE_IDENTIFIER = ejem.Mayo13;
				PRODUCT_NAME = "$(TARGET_NAME)";
				SWIFT_EMIT_LOC_STRINGS = YES;
				SWIFT_VERSION = 5.0;
				TARGETED_DEVICE_FAMILY = "1,2";
			};
			name = Debug;
		};
		094040D62BF2570B008D9C44 /* Release */ = {
			isa = XCBuildConfiguration;
			buildSettings = {
				ASSETCATALOG_COMPILER_APPICON_NAME = AppIcon;
				ASSETCATALOG_COMPILER_GLOBAL_ACCENT_COLOR_NAME = AccentColor;
				CODE_SIGN_STYLE = Automatic;
				CURRENT_PROJECT_VERSION = 1;
				GENERATE_INFOPLIST_FILE = YES;
				INFOPLIST_FILE = Mayo13/Info.plist;
				INFOPLIST_KEY_UIApplicationSupportsIndirectInputEvents = YES;
				INFOPLIST_KEY_UILaunchStoryboardName = LaunchScreen;
				INFOPLIST_KEY_UIMainStoryboardFile = Main;
				INFOPLIST_KEY_UISupportedInterfaceOrientations_iPad = "UIInterfaceOrientationPortrait UIInterfaceOrientationPortraitUpsideDown UIInterfaceOrientationLandscapeLeft UIInterfaceOrientationLandscapeRight";
				INFOPLIST_KEY_UISupportedInterfaceOrientations_iPhone = "UIInterfaceOrientationPortrait UIInterfaceOrientationLandscapeLeft UIInterfaceOrientationLandscapeRight";
				LD_RUNPATH_SEARCH_PATHS = (
					"$(inherited)",
					"@executable_path/Frameworks",
				);
				MARKETING_VERSION = 1.0;
				PRODUCT_BUNDLE_IDENTIFIER = ejem.Mayo13;
				PRODUCT_NAME = "$(TARGET_NAME)";
				SWIFT_EMIT_LOC_STRINGS = YES;
				SWIFT_VERSION = 5.0;
				TARGETED_DEVICE_FAMILY = "1,2";
			};
			name = Release;
		};
/* End XCBuildConfiguration section */

/* Begin XCConfigurationList section */
		094040BB2BF25709008D9C44 /* Build configuration list for PBXProject "Mayo13" */ = {
			isa = XCConfigurationList;
			buildConfigurations = (
				094040D22BF2570B008D9C44 /* Debug */,
				094040D32BF2570B008D9C44 /* Release */,
			);
			defaultConfigurationIsVisible = 0;
			defaultConfigurationName = Release;
		};
		094040D42BF2570B008D9C44 /* Build configuration list for PBXNativeTarget "Mayo13" */ = {
			isa = XCConfigurationList;
			buildConfigurations = (
				094040D52BF2570B008D9C44 /* Debug */,
				094040D62BF2570B008D9C44 /* Release */,
			);
			defaultConfigurationIsVisible = 0;
			defaultConfigurationName = Release;
		};
/* End XCConfigurationList section */
	};
	rootObject = 094040B82BF25709008D9C44 /* Project object */;
}
